
Microsoft Visual Studio Solution File, Format Version 12.00
# Visual Studio Version 17
VisualStudioVersion = 17.11.35219.272
MinimumVisualStudioVersion = 10.0.40219.1
Project("{9A19103F-16F7-4668-BE54-9A1E7A4F7556}") = "Formula", "Formula\Formula.csproj", "{192E365E-2C37-4BA6-9269-AC4491409839}"
EndProject
Project("{2150E333-8FDC-42A3-9474-1A3956D46DE8}") = "Solution Items", "Solution Items", "{591FB2B1-F089-4D7A-9C48-2AD42ED0D13F}"
	ProjectSection(SolutionItems) = preProject
		..\..\..\Downloads\.editorconfig = ..\..\..\Downloads\.editorconfig
		Whiteboard\architecture_whiteboard.PNG = Whiteboard\architecture_whiteboard.PNG
		Whiteboard\dependencygraph_whiteboard.PNG = Whiteboard\dependencygraph_whiteboard.PNG
		Whiteboard\formula_whiteboard.PNG = Whiteboard\formula_whiteboard.PNG
		README.md = README.md
		Whiteboard\spreadsheet_whiteboard.PNG = Whiteboard\spreadsheet_whiteboard.PNG
	EndProjectSection
EndProject
Project("{9A19103F-16F7-4668-BE54-9A1E7A4F7556}") = "FormulaTests", "FormulaTests\FormulaTests.csproj", "{897B3E7B-A5BA-4FCB-BE1B-87E07C54EC92}"
EndProject
Project("{9A19103F-16F7-4668-BE54-9A1E7A4F7556}") = "DependencyGraph", "DependencyGraph\DependencyGraph.csproj", "{3F0524D0-F3AC-4562-A3CF-698E432F4CFD}"
EndProject
Project("{9A19103F-16F7-4668-BE54-9A1E7A4F7556}") = "DependencyGraphTests", "DependencyGraphTests\DependencyGraphTests.csproj", "{9BCA13BF-B9BA-4989-B4E6-3F5BB45FADE6}"
EndProject
Project("{9A19103F-16F7-4668-BE54-9A1E7A4F7556}") = "Spreadsheet", "Spreadsheet\Spreadsheet.csproj", "{EB9FD2E7-A3AE-436B-B786-201EF84FE00C}"
	ProjectSection(ProjectDependencies) = postProject
		{192E365E-2C37-4BA6-9269-AC4491409839} = {192E365E-2C37-4BA6-9269-AC4491409839}
		{3F0524D0-F3AC-4562-A3CF-698E432F4CFD} = {3F0524D0-F3AC-4562-A3CF-698E432F4CFD}
	EndProjectSection
EndProject
Project("{9A19103F-16F7-4668-BE54-9A1E7A4F7556}") = "SpreadsheetTests", "SpreadsheetTests\SpreadsheetTests.csproj", "{92202820-A461-4966-A81E-C9A6E8642A29}"
	ProjectSection(ProjectDependencies) = postProject
		{192E365E-2C37-4BA6-9269-AC4491409839} = {192E365E-2C37-4BA6-9269-AC4491409839}
		{EB9FD2E7-A3AE-436B-B786-201EF84FE00C} = {EB9FD2E7-A3AE-436B-B786-201EF84FE00C}
	EndProjectSection
EndProject
Project("{9A19103F-16F7-4668-BE54-9A1E7A4F7556}") = "GUI", "GUI\GUI.csproj", "{95DCD4A4-2FD2-4448-A284-04F595307857}"
EndProject
Project("{9A19103F-16F7-4668-BE54-9A1E7A4F7556}") = "GUI.Client", "GUI.Client\GUI.Client.csproj", "{E8D4CE0A-AED6-4255-882F-6B81F770127A}"
EndProject
Global
	GlobalSection(SolutionConfigurationPlatforms) = preSolution
		Debug|Any CPU = Debug|Any CPU
		Release|Any CPU = Release|Any CPU
	EndGlobalSection
	GlobalSection(ProjectConfigurationPlatforms) = postSolution
		{192E365E-2C37-4BA6-9269-AC4491409839}.Debug|Any CPU.ActiveCfg = Debug|Any CPU
		{192E365E-2C37-4BA6-9269-AC4491409839}.Debug|Any CPU.Build.0 = Debug|Any CPU
		{192E365E-2C37-4BA6-9269-AC4491409839}.Release|Any CPU.ActiveCfg = Release|Any CPU
		{192E365E-2C37-4BA6-9269-AC4491409839}.Release|Any CPU.Build.0 = Release|Any CPU
		{897B3E7B-A5BA-4FCB-BE1B-87E07C54EC92}.Debug|Any CPU.ActiveCfg = Debug|Any CPU
		{897B3E7B-A5BA-4FCB-BE1B-87E07C54EC92}.Debug|Any CPU.Build.0 = Debug|Any CPU
		{897B3E7B-A5BA-4FCB-BE1B-87E07C54EC92}.Release|Any CPU.ActiveCfg = Release|Any CPU
		{897B3E7B-A5BA-4FCB-BE1B-87E07C54EC92}.Release|Any CPU.Build.0 = Release|Any CPU
		{3F0524D0-F3AC-4562-A3CF-698E432F4CFD}.Debug|Any CPU.ActiveCfg = Debug|Any CPU
		{3F0524D0-F3AC-4562-A3CF-698E432F4CFD}.Debug|Any CPU.Build.0 = Debug|Any CPU
		{3F0524D0-F3AC-4562-A3CF-698E432F4CFD}.Release|Any CPU.ActiveCfg = Release|Any CPU
		{3F0524D0-F3AC-4562-A3CF-698E432F4CFD}.Release|Any CPU.Build.0 = Release|Any CPU
		{9BCA13BF-B9BA-4989-B4E6-3F5BB45FADE6}.Debug|Any CPU.ActiveCfg = Debug|Any CPU
		{9BCA13BF-B9BA-4989-B4E6-3F5BB45FADE6}.Debug|Any CPU.Build.0 = Debug|Any CPU
		{9BCA13BF-B9BA-4989-B4E6-3F5BB45FADE6}.Release|Any CPU.ActiveCfg = Release|Any CPU
		{9BCA13BF-B9BA-4989-B4E6-3F5BB45FADE6}.Release|Any CPU.Build.0 = Release|Any CPU
		{EB9FD2E7-A3AE-436B-B786-201EF84FE00C}.Debug|Any CPU.ActiveCfg = Debug|Any CPU
		{EB9FD2E7-A3AE-436B-B786-201EF84FE00C}.Debug|Any CPU.Build.0 = Debug|Any CPU
		{EB9FD2E7-A3AE-436B-B786-201EF84FE00C}.Release|Any CPU.ActiveCfg = Release|Any CPU
		{EB9FD2E7-A3AE-436B-B786-201EF84FE00C}.Release|Any CPU.Build.0 = Release|Any CPU
		{92202820-A461-4966-A81E-C9A6E8642A29}.Debug|Any CPU.ActiveCfg = Debug|Any CPU
		{92202820-A461-4966-A81E-C9A6E8642A29}.Debug|Any CPU.Build.0 = Debug|Any CPU
		{92202820-A461-4966-A81E-C9A6E8642A29}.Release|Any CPU.ActiveCfg = Release|Any CPU
		{92202820-A461-4966-A81E-C9A6E8642A29}.Release|Any CPU.Build.0 = Release|Any CPU
		{95DCD4A4-2FD2-4448-A284-04F595307857}.Debug|Any CPU.ActiveCfg = Debug|Any CPU
		{95DCD4A4-2FD2-4448-A284-04F595307857}.Debug|Any CPU.Build.0 = Debug|Any CPU
		{95DCD4A4-2FD2-4448-A284-04F595307857}.Release|Any CPU.ActiveCfg = Release|Any CPU
		{95DCD4A4-2FD2-4448-A284-04F595307857}.Release|Any CPU.Build.0 = Release|Any CPU
		{E8D4CE0A-AED6-4255-882F-6B81F770127A}.Debug|Any CPU.ActiveCfg = Debug|Any CPU
		{E8D4CE0A-AED6-4255-882F-6B81F770127A}.Debug|Any CPU.Build.0 = Debug|Any CPU
		{E8D4CE0A-AED6-4255-882F-6B81F770127A}.Release|Any CPU.ActiveCfg = Release|Any CPU
		{E8D4CE0A-AED6-4255-882F-6B81F770127A}.Release|Any CPU.Build.0 = Release|Any CPU
	EndGlobalSection
	GlobalSection(SolutionProperties) = preSolution
		HideSolutionNode = FALSE
	EndGlobalSection
	GlobalSection(ExtensibilityGlobals) = postSolution
		SolutionGuid = {CCD71D24-5A25-4CAA-B199-CA5017AB85C8}
	EndGlobalSection
EndGlobal
